{
  "name": "example-tsc-codebase",
  "lockfileVersion": 3,
  "requires": true,
  "packages": {
    "": {
      "name": "example-tsc-codebase",
      "dependencies": {
        "@evmts/ts-plugin": "file:..",
        "typescript": "5.0.4"
      }
    },
    "..": {
      "name": "@evmts/ts-plugin",
      "version": "0.0.0",
      "license": "MIT",
      "dependencies": {
        "typescript": "^5.0.4",
        "zod": "^3.21.4"
      },
      "devDependencies": {
        "rome": "^12.0.0",
        "tsup": "^6.7.0",
        "vitest": "^0.30.1"
      }
    },
    "node_modules/@evmts/ts-plugin": {
      "resolved": "..",
      "link": true
    },
    "node_modules/typescript": {
      "version": "5.0.4",
      "resolved": "https://registry.npmjs.org/typescript/-/typescript-5.0.4.tgz",
      "integrity": "sha512-cW9T5W9xY37cc+jfEnaUvX91foxtHkza3Nw3wkoF4sSlKn0MONdkdEndig/qPBWXNkmplh3NzayQzCiHM4/hqw==",
      "bin": {
        "tsc": "bin/tsc",
        "tsserver": "bin/tsserver"
      },
      "engines": {
        "node": ">=12.20"
      }
    }
  }
}
